
Microsoft Visual Studio Solution File, Format Version 12.00
# Visual Studio Version 17
VisualStudioVersion = 17.7.34018.315
MinimumVisualStudioVersion = 10.0.40219.1
Project("{9A19103F-16F7-4668-BE54-9A1E7A4F7556}") = "KampIntro", "KampIntro\KampIntro.csproj", "{6822994E-581F-4178-BCBD-35D4B59F421A}"
EndProject
Project("{9A19103F-16F7-4668-BE54-9A1E7A4F7556}") = "Donguler", "Donguler\Donguler.csproj", "{F790E291-51EC-4D6B-9E33-DD6E1EF13C71}"
EndProject
Project("{9A19103F-16F7-4668-BE54-9A1E7A4F7556}") = "ClassIntro", "ClassIntro\ClassIntro.csproj", "{F50CD5F2-65AC-46DE-821E-4B266CF84763}"
EndProject
Project("{FAE04EC0-301F-11D3-BF4B-00C04F79EFBC}") = "Metotlar", "Metotlar\Metotlar.csproj", "{2C2D9D0C-9FC0-4911-903E-ACBC26A6F050}"
EndProject
Project("{FAE04EC0-301F-11D3-BF4B-00C04F79EFBC}") = "Matematik", "Matematik\Matematik.csproj", "{01B759BC-BEF9-44C3-8C6F-68D9976ED23C}"
EndProject
Global
	GlobalSection(SolutionConfigurationPlatforms) = preSolution
		Debug|Any CPU = Debug|Any CPU
		Release|Any CPU = Release|Any CPU
	EndGlobalSection
	GlobalSection(ProjectConfigurationPlatforms) = postSolution
		{6822994E-581F-4178-BCBD-35D4B59F421A}.Debug|Any CPU.ActiveCfg = Debug|Any CPU
		{6822994E-581F-4178-BCBD-35D4B59F421A}.Debug|Any CPU.Build.0 = Debug|Any CPU
		{6822994E-581F-4178-BCBD-35D4B59F421A}.Release|Any CPU.ActiveCfg = Release|Any CPU
		{6822994E-581F-4178-BCBD-35D4B59F421A}.Release|Any CPU.Build.0 = Release|Any CPU
		{F790E291-51EC-4D6B-9E33-DD6E1EF13C71}.Debug|Any CPU.ActiveCfg = Debug|Any CPU
		{F790E291-51EC-4D6B-9E33-DD6E1EF13C71}.Debug|Any CPU.Build.0 = Debug|Any CPU
		{F790E291-51EC-4D6B-9E33-DD6E1EF13C71}.Release|Any CPU.ActiveCfg = Release|Any CPU
		{F790E291-51EC-4D6B-9E33-DD6E1EF13C71}.Release|Any CPU.Build.0 = Release|Any CPU
		{F50CD5F2-65AC-46DE-821E-4B266CF84763}.Debug|Any CPU.ActiveCfg = Debug|Any CPU
		{F50CD5F2-65AC-46DE-821E-4B266CF84763}.Debug|Any CPU.Build.0 = Debug|Any CPU
		{F50CD5F2-65AC-46DE-821E-4B266CF84763}.Release|Any CPU.ActiveCfg = Release|Any CPU
		{F50CD5F2-65AC-46DE-821E-4B266CF84763}.Release|Any CPU.Build.0 = Release|Any CPU
		{2C2D9D0C-9FC0-4911-903E-ACBC26A6F050}.Debug|Any CPU.ActiveCfg = Debug|Any CPU
		{2C2D9D0C-9FC0-4911-903E-ACBC26A6F050}.Debug|Any CPU.Build.0 = Debug|Any CPU
		{2C2D9D0C-9FC0-4911-903E-ACBC26A6F050}.Release|Any CPU.ActiveCfg = Release|Any CPU
		{2C2D9D0C-9FC0-4911-903E-ACBC26A6F050}.Release|Any CPU.Build.0 = Release|Any CPU
		{01B759BC-BEF9-44C3-8C6F-68D9976ED23C}.Debug|Any CPU.ActiveCfg = Debug|Any CPU
		{01B759BC-BEF9-44C3-8C6F-68D9976ED23C}.Debug|Any CPU.Build.0 = Debug|Any CPU
		{01B759BC-BEF9-44C3-8C6F-68D9976ED23C}.Release|Any CPU.ActiveCfg = Release|Any CPU
		{01B759BC-BEF9-44C3-8C6F-68D9976ED23C}.Release|Any CPU.Build.0 = Release|Any CPU
	EndGlobalSection
	GlobalSection(SolutionProperties) = preSolution
		HideSolutionNode = FALSE
	EndGlobalSection
	GlobalSection(ExtensibilityGlobals) = postSolution
		SolutionGuid = {C2531C99-A7A1-433D-A6BE-C36479D2900D}
	EndGlobalSection
EndGlobal
