
Microsoft Visual Studio Solution File, Format Version 12.00
# Visual Studio Version 17
VisualStudioVersion = 17.7.34018.315
MinimumVisualStudioVersion = 10.0.40219.1
Project("{9A19103F-16F7-4668-BE54-9A1E7A4F7556}") = "DataAccess", "DataAccess\DataAccess.csproj", "{96A2175C-6794-4B38-B12A-7CC3AFBD351A}"
EndProject
Project("{9A19103F-16F7-4668-BE54-9A1E7A4F7556}") = "Business", "Business\Business.csproj", "{FD1220BF-793E-4444-833A-BAD3C6275B4D}"
EndProject
Project("{9A19103F-16F7-4668-BE54-9A1E7A4F7556}") = "Entities", "Entities\Entities.csproj", "{BBD28226-C844-47FC-8EA6-9E62B000DDB0}"
EndProject
Project("{9A19103F-16F7-4668-BE54-9A1E7A4F7556}") = "ConsoleUI", "ConsoleUI\ConsoleUI.csproj", "{A85D1A7E-98DE-4557-B5D7-8B7B08A99C0F}"
EndProject
Project("{FAE04EC0-301F-11D3-BF4B-00C04F79EFBC}") = "Core", "Core\Core.csproj", "{0E2F96B4-22BA-42B1-8689-EBAA8B755384}"
EndProject
Global
	GlobalSection(SolutionConfigurationPlatforms) = preSolution
		Debug|Any CPU = Debug|Any CPU
		Release|Any CPU = Release|Any CPU
	EndGlobalSection
	GlobalSection(ProjectConfigurationPlatforms) = postSolution
		{96A2175C-6794-4B38-B12A-7CC3AFBD351A}.Debug|Any CPU.ActiveCfg = Debug|Any CPU
		{96A2175C-6794-4B38-B12A-7CC3AFBD351A}.Debug|Any CPU.Build.0 = Debug|Any CPU
		{96A2175C-6794-4B38-B12A-7CC3AFBD351A}.Release|Any CPU.ActiveCfg = Release|Any CPU
		{96A2175C-6794-4B38-B12A-7CC3AFBD351A}.Release|Any CPU.Build.0 = Release|Any CPU
		{FD1220BF-793E-4444-833A-BAD3C6275B4D}.Debug|Any CPU.ActiveCfg = Debug|Any CPU
		{FD1220BF-793E-4444-833A-BAD3C6275B4D}.Debug|Any CPU.Build.0 = Debug|Any CPU
		{FD1220BF-793E-4444-833A-BAD3C6275B4D}.Release|Any CPU.ActiveCfg = Release|Any CPU
		{FD1220BF-793E-4444-833A-BAD3C6275B4D}.Release|Any CPU.Build.0 = Release|Any CPU
		{BBD28226-C844-47FC-8EA6-9E62B000DDB0}.Debug|Any CPU.ActiveCfg = Debug|Any CPU
		{BBD28226-C844-47FC-8EA6-9E62B000DDB0}.Debug|Any CPU.Build.0 = Debug|Any CPU
		{BBD28226-C844-47FC-8EA6-9E62B000DDB0}.Release|Any CPU.ActiveCfg = Release|Any CPU
		{BBD28226-C844-47FC-8EA6-9E62B000DDB0}.Release|Any CPU.Build.0 = Release|Any CPU
		{A85D1A7E-98DE-4557-B5D7-8B7B08A99C0F}.Debug|Any CPU.ActiveCfg = Debug|Any CPU
		{A85D1A7E-98DE-4557-B5D7-8B7B08A99C0F}.Debug|Any CPU.Build.0 = Debug|Any CPU
		{A85D1A7E-98DE-4557-B5D7-8B7B08A99C0F}.Release|Any CPU.ActiveCfg = Release|Any CPU
		{A85D1A7E-98DE-4557-B5D7-8B7B08A99C0F}.Release|Any CPU.Build.0 = Release|Any CPU
		{0E2F96B4-22BA-42B1-8689-EBAA8B755384}.Debug|Any CPU.ActiveCfg = Debug|Any CPU
		{0E2F96B4-22BA-42B1-8689-EBAA8B755384}.Debug|Any CPU.Build.0 = Debug|Any CPU
		{0E2F96B4-22BA-42B1-8689-EBAA8B755384}.Release|Any CPU.ActiveCfg = Release|Any CPU
		{0E2F96B4-22BA-42B1-8689-EBAA8B755384}.Release|Any CPU.Build.0 = Release|Any CPU
	EndGlobalSection
	GlobalSection(SolutionProperties) = preSolution
		HideSolutionNode = FALSE
	EndGlobalSection
	GlobalSection(ExtensibilityGlobals) = postSolution
		SolutionGuid = {5A28B786-9317-457A-9A2A-B08530C62F12}
	EndGlobalSection
EndGlobal
